// !$*UTF8*$!
{
	archiveVersion = 1;
	classes = {
	};
	objectVersion = 60;
	objects = {

/* Begin PBXBuildFile section */
		C61FB0412BB5CDDC00D8141A /* StatsCell.swift in Sources */ = {isa = PBXBuildFile; fileRef = C61FB0402BB5CDDC00D8141A /* StatsCell.swift */; };
		C64DE0EE2BAFCFFA00078997 /* ProfitPathApp.swift in Sources */ = {isa = PBXBuildFile; fileRef = C64DE0ED2BAFCFFA00078997 /* ProfitPathApp.swift */; };
		C64DE0F42BAFCFFD00078997 /* Assets.xcassets in Resources */ = {isa = PBXBuildFile; fileRef = C64DE0F32BAFCFFD00078997 /* Assets.xcassets */; };
		C64DE0F82BAFCFFD00078997 /* Preview Assets.xcassets in Resources */ = {isa = PBXBuildFile; fileRef = C64DE0F72BAFCFFD00078997 /* Preview Assets.xcassets */; };
		C64DE1012BAFD12A00078997 /* OnboardingView.swift in Sources */ = {isa = PBXBuildFile; fileRef = C64DE1002BAFD12A00078997 /* OnboardingView.swift */; };
		C64DE1042BAFD16B00078997 /* MenuView.swift in Sources */ = {isa = PBXBuildFile; fileRef = C64DE1032BAFD16B00078997 /* MenuView.swift */; };
		C64DE1062BAFD19D00078997 /* MenuViewModel.swift in Sources */ = {isa = PBXBuildFile; fileRef = C64DE1052BAFD19D00078997 /* MenuViewModel.swift */; };
		C64DE1092BAFD1D700078997 /* MeditationModel.swift in Sources */ = {isa = PBXBuildFile; fileRef = C64DE1082BAFD1D700078997 /* MeditationModel.swift */; };
		C64DE10C2BAFD1FF00078997 /* CategoryCell.swift in Sources */ = {isa = PBXBuildFile; fileRef = C64DE10B2BAFD1FF00078997 /* CategoryCell.swift */; };
		C6A5BF852BAFF544005B68CF /* DashboardView.swift in Sources */ = {isa = PBXBuildFile; fileRef = C6A5BF842BAFF544005B68CF /* DashboardView.swift */; };
		C6A5BF882BAFF593005B68CF /* PerformanceView.swift in Sources */ = {isa = PBXBuildFile; fileRef = C6A5BF872BAFF593005B68CF /* PerformanceView.swift */; };
		C6A5BF8B2BB0027C005B68CF /* JournalView.swift in Sources */ = {isa = PBXBuildFile; fileRef = C6A5BF8A2BB0027C005B68CF /* JournalView.swift */; };
		C6A5BF8E2BB0029C005B68CF /* ReportsView.swift in Sources */ = {isa = PBXBuildFile; fileRef = C6A5BF8D2BB0029C005B68CF /* ReportsView.swift */; };
		C6C4BCC42BBA68D20090E25A /* Spectra in Frameworks */ = {isa = PBXBuildFile; productRef = C6C4BCC32BBA68D20090E25A /* Spectra */; };
/* End PBXBuildFile section */

/* Begin PBXFileReference section */
		C61FB0402BB5CDDC00D8141A /* StatsCell.swift */ = {isa = PBXFileReference; lastKnownFileType = sourcecode.swift; path = StatsCell.swift; sourceTree = "<group>"; };
		C632BEBF2BBA617800BBCFC8 /* Spectra */ = {isa = PBXFileReference; lastKnownFileType = wrapper; name = Spectra; path = ../Spectra; sourceTree = "<group>"; };
		C64DE0EA2BAFCFFA00078997 /* ProfitPath.app */ = {isa = PBXFileReference; explicitFileType = wrapper.application; includeInIndex = 0; path = ProfitPath.app; sourceTree = BUILT_PRODUCTS_DIR; };
		C64DE0ED2BAFCFFA00078997 /* ProfitPathApp.swift */ = {isa = PBXFileReference; lastKnownFileType = sourcecode.swift; path = ProfitPathApp.swift; sourceTree = "<group>"; };
		C64DE0F32BAFCFFD00078997 /* Assets.xcassets */ = {isa = PBXFileReference; lastKnownFileType = folder.assetcatalog; path = Assets.xcassets; sourceTree = "<group>"; };
		C64DE0F52BAFCFFD00078997 /* ProfitPath.entitlements */ = {isa = PBXFileReference; lastKnownFileType = text.plist.entitlements; path = ProfitPath.entitlements; sourceTree = "<group>"; };
		C64DE0F72BAFCFFD00078997 /* Preview Assets.xcassets */ = {isa = PBXFileReference; lastKnownFileType = folder.assetcatalog; path = "Preview Assets.xcassets"; sourceTree = "<group>"; };
		C64DE1002BAFD12A00078997 /* OnboardingView.swift */ = {isa = PBXFileReference; lastKnownFileType = sourcecode.swift; path = OnboardingView.swift; sourceTree = "<group>"; };
		C64DE1032BAFD16B00078997 /* MenuView.swift */ = {isa = PBXFileReference; lastKnownFileType = sourcecode.swift; path = MenuView.swift; sourceTree = "<group>"; };
		C64DE1052BAFD19D00078997 /* MenuViewModel.swift */ = {isa = PBXFileReference; lastKnownFileType = sourcecode.swift; path = MenuViewModel.swift; sourceTree = "<group>"; };
		C64DE1082BAFD1D700078997 /* MeditationModel.swift */ = {isa = PBXFileReference; lastKnownFileType = sourcecode.swift; path = MeditationModel.swift; sourceTree = "<group>"; };
		C64DE10B2BAFD1FF00078997 /* CategoryCell.swift */ = {isa = PBXFileReference; lastKnownFileType = sourcecode.swift; path = CategoryCell.swift; sourceTree = "<group>"; };
		C6A5BF842BAFF544005B68CF /* DashboardView.swift */ = {isa = PBXFileReference; lastKnownFileType = sourcecode.swift; path = DashboardView.swift; sourceTree = "<group>"; };
		C6A5BF872BAFF593005B68CF /* PerformanceView.swift */ = {isa = PBXFileReference; lastKnownFileType = sourcecode.swift; path = PerformanceView.swift; sourceTree = "<group>"; };
		C6A5BF8A2BB0027C005B68CF /* JournalView.swift */ = {isa = PBXFileReference; lastKnownFileType = sourcecode.swift; path = JournalView.swift; sourceTree = "<group>"; };
		C6A5BF8D2BB0029C005B68CF /* ReportsView.swift */ = {isa = PBXFileReference; lastKnownFileType = sourcecode.swift; path = ReportsView.swift; sourceTree = "<group>"; };
/* End PBXFileReference section */

/* Begin PBXFrameworksBuildPhase section */
		C64DE0E72BAFCFFA00078997 /* Frameworks */ = {
			isa = PBXFrameworksBuildPhase;
			buildActionMask = 2147483647;
			files = (
				C6C4BCC42BBA68D20090E25A /* Spectra in Frameworks */,
			);
			runOnlyForDeploymentPostprocessing = 0;
		};
/* End PBXFrameworksBuildPhase section */

/* Begin PBXGroup section */
		C61FB03F2BB5CDCB00D8141A /* Cells */ = {
			isa = PBXGroup;
			children = (
				C61FB0402BB5CDDC00D8141A /* StatsCell.swift */,
			);
			path = Cells;
			sourceTree = "<group>";
		};
		C64DE0E12BAFCFFA00078997 = {
			isa = PBXGroup;
			children = (
				C632BEBF2BBA617800BBCFC8 /* Spectra */,
				C64DE0EC2BAFCFFA00078997 /* ProfitPath */,
				C64DE0EB2BAFCFFA00078997 /* Products */,
			);
			sourceTree = "<group>";
		};
		C64DE0EB2BAFCFFA00078997 /* Products */ = {
			isa = PBXGroup;
			children = (
				C64DE0EA2BAFCFFA00078997 /* ProfitPath.app */,
			);
			name = Products;
			sourceTree = "<group>";
		};
		C64DE0EC2BAFCFFA00078997 /* ProfitPath */ = {
			isa = PBXGroup;
			children = (
				C64DE0FE2BAFD0C600078997 /* Views */,
				C64DE0ED2BAFCFFA00078997 /* ProfitPathApp.swift */,
				C64DE0F32BAFCFFD00078997 /* Assets.xcassets */,
				C64DE0F52BAFCFFD00078997 /* ProfitPath.entitlements */,
				C64DE0F62BAFCFFD00078997 /* Preview Content */,
			);
			path = ProfitPath;
			sourceTree = "<group>";
		};
		C64DE0F62BAFCFFD00078997 /* Preview Content */ = {
			isa = PBXGroup;
			children = (
				C64DE0F72BAFCFFD00078997 /* Preview Assets.xcassets */,
			);
			path = "Preview Content";
			sourceTree = "<group>";
		};
		C64DE0FE2BAFD0C600078997 /* Views */ = {
			isa = PBXGroup;
			children = (
				C6A5BF8C2BB0028D005B68CF /* ReportsView */,
				C6A5BF892BB0026B005B68CF /* JournalView */,
				C6A5BF862BAFF56E005B68CF /* PerformanceView */,
				C6A5BF832BAFF52D005B68CF /* DashboardView */,
				C64DE1022BAFD15700078997 /* MainView */,
				C64DE0FF2BAFD0E900078997 /* OnboardingView */,
			);
			path = Views;
			sourceTree = "<group>";
		};
		C64DE0FF2BAFD0E900078997 /* OnboardingView */ = {
			isa = PBXGroup;
			children = (
				C64DE1002BAFD12A00078997 /* OnboardingView.swift */,
			);
			path = OnboardingView;
			sourceTree = "<group>";
		};
		C64DE1022BAFD15700078997 /* MainView */ = {
			isa = PBXGroup;
			children = (
				C64DE10A2BAFD1F100078997 /* Cells */,
				C64DE1072BAFD1BC00078997 /* Model */,
				C64DE1032BAFD16B00078997 /* MenuView.swift */,
				C64DE1052BAFD19D00078997 /* MenuViewModel.swift */,
			);
			path = MainView;
			sourceTree = "<group>";
		};
		C64DE1072BAFD1BC00078997 /* Model */ = {
			isa = PBXGroup;
			children = (
				C64DE1082BAFD1D700078997 /* MeditationModel.swift */,
			);
			path = Model;
			sourceTree = "<group>";
		};
		C64DE10A2BAFD1F100078997 /* Cells */ = {
			isa = PBXGroup;
			children = (
				C64DE10B2BAFD1FF00078997 /* CategoryCell.swift */,
			);
			path = Cells;
			sourceTree = "<group>";
		};
		C6A5BF832BAFF52D005B68CF /* DashboardView */ = {
			isa = PBXGroup;
			children = (
				C61FB03F2BB5CDCB00D8141A /* Cells */,
				C6A5BF842BAFF544005B68CF /* DashboardView.swift */,
			);
			path = DashboardView;
			sourceTree = "<group>";
		};
		C6A5BF862BAFF56E005B68CF /* PerformanceView */ = {
			isa = PBXGroup;
			children = (
				C6A5BF872BAFF593005B68CF /* PerformanceView.swift */,
			);
			path = PerformanceView;
			sourceTree = "<group>";
		};
		C6A5BF892BB0026B005B68CF /* JournalView */ = {
			isa = PBXGroup;
			children = (
				C6A5BF8A2BB0027C005B68CF /* JournalView.swift */,
			);
			path = JournalView;
			sourceTree = "<group>";
		};
		C6A5BF8C2BB0028D005B68CF /* ReportsView */ = {
			isa = PBXGroup;
			children = (
				C6A5BF8D2BB0029C005B68CF /* ReportsView.swift */,
			);
			path = ReportsView;
			sourceTree = "<group>";
		};
/* End PBXGroup section */

/* Begin PBXNativeTarget section */
		C64DE0E92BAFCFFA00078997 /* ProfitPath */ = {
			isa = PBXNativeTarget;
			buildConfigurationList = C64DE0FB2BAFCFFD00078997 /* Build configuration list for PBXNativeTarget "ProfitPath" */;
			buildPhases = (
				C64DE0E62BAFCFFA00078997 /* Sources */,
				C64DE0E72BAFCFFA00078997 /* Frameworks */,
				C64DE0E82BAFCFFA00078997 /* Resources */,
			);
			buildRules = (
			);
			dependencies = (
			);
			name = ProfitPath;
			packageProductDependencies = (
				C6C4BCC32BBA68D20090E25A /* Spectra */,
			);
			productName = ProfitPath;
			productReference = C64DE0EA2BAFCFFA00078997 /* ProfitPath.app */;
			productType = "com.apple.product-type.application";
		};
/* End PBXNativeTarget section */

/* Begin PBXProject section */
		C64DE0E22BAFCFFA00078997 /* Project object */ = {
			isa = PBXProject;
			attributes = {
				BuildIndependentTargetsInParallel = 1;
				LastSwiftUpdateCheck = 1530;
				LastUpgradeCheck = 1530;
				TargetAttributes = {
					C64DE0E92BAFCFFA00078997 = {
						CreatedOnToolsVersion = 15.3;
					};
				};
			};
			buildConfigurationList = C64DE0E52BAFCFFA00078997 /* Build configuration list for PBXProject "ProfitPath" */;
			compatibilityVersion = "Xcode 14.0";
			developmentRegion = en;
			hasScannedForEncodings = 0;
			knownRegions = (
				en,
				Base,
			);
			mainGroup = C64DE0E12BAFCFFA00078997;
			packageReferences = (
				C6C4BCC22BBA68D20090E25A /* XCLocalSwiftPackageReference "../Spectra" */,
			);
			productRefGroup = C64DE0EB2BAFCFFA00078997 /* Products */;
			projectDirPath = "";
			projectRoot = "";
			targets = (
				C64DE0E92BAFCFFA00078997 /* ProfitPath */,
			);
		};
/* End PBXProject section */

/* Begin PBXResourcesBuildPhase section */
		C64DE0E82BAFCFFA00078997 /* Resources */ = {
			isa = PBXResourcesBuildPhase;
			buildActionMask = 2147483647;
			files = (
				C64DE0F82BAFCFFD00078997 /* Preview Assets.xcassets in Resources */,
				C64DE0F42BAFCFFD00078997 /* Assets.xcassets in Resources */,
			);
			runOnlyForDeploymentPostprocessing = 0;
		};
/* End PBXResourcesBuildPhase section */

/* Begin PBXSourcesBuildPhase section */
		C64DE0E62BAFCFFA00078997 /* Sources */ = {
			isa = PBXSourcesBuildPhase;
			buildActionMask = 2147483647;
			files = (
				C6A5BF8E2BB0029C005B68CF /* ReportsView.swift in Sources */,
				C6A5BF852BAFF544005B68CF /* DashboardView.swift in Sources */,
				C64DE1042BAFD16B00078997 /* MenuView.swift in Sources */,
				C6A5BF8B2BB0027C005B68CF /* JournalView.swift in Sources */,
				C64DE1012BAFD12A00078997 /* OnboardingView.swift in Sources */,
				C61FB0412BB5CDDC00D8141A /* StatsCell.swift in Sources */,
				C64DE10C2BAFD1FF00078997 /* CategoryCell.swift in Sources */,
				C64DE1092BAFD1D700078997 /* MeditationModel.swift in Sources */,
				C64DE1062BAFD19D00078997 /* MenuViewModel.swift in Sources */,
				C6A5BF882BAFF593005B68CF /* PerformanceView.swift in Sources */,
				C64DE0EE2BAFCFFA00078997 /* ProfitPathApp.swift in Sources */,
			);
			runOnlyForDeploymentPostprocessing = 0;
		};
/* End PBXSourcesBuildPhase section */

/* Begin XCBuildConfiguration section */
		C64DE0F92BAFCFFD00078997 /* Debug */ = {
			isa = XCBuildConfiguration;
			buildSettings = {
				ALWAYS_SEARCH_USER_PATHS = NO;
				ASSETCATALOG_COMPILER_GENERATE_SWIFT_ASSET_SYMBOL_EXTENSIONS = YES;
				CLANG_ANALYZER_NONNULL = YES;
				CLANG_ANALYZER_NUMBER_OBJECT_CONVERSION = YES_AGGRESSIVE;
				CLANG_CXX_LANGUAGE_STANDARD = "gnu++20";
				CLANG_ENABLE_MODULES = YES;
				CLANG_ENABLE_OBJC_ARC = YES;
				CLANG_ENABLE_OBJC_WEAK = YES;
				CLANG_WARN_BLOCK_CAPTURE_AUTORELEASING = YES;
				CLANG_WARN_BOOL_CONVERSION = YES;
				CLANG_WARN_COMMA = YES;
				CLANG_WARN_CONSTANT_CONVERSION = YES;
				CLANG_WARN_DEPRECATED_OBJC_IMPLEMENTATIONS = YES;
				CLANG_WARN_DIRECT_OBJC_ISA_USAGE = YES_ERROR;
				CLANG_WARN_DOCUMENTATION_COMMENTS = YES;
				CLANG_WARN_EMPTY_BODY = YES;
				CLANG_WARN_ENUM_CONVERSION = YES;
				CLANG_WARN_INFINITE_RECURSION = YES;
				CLANG_WARN_INT_CONVERSION = YES;
				CLANG_WARN_NON_LITERAL_NULL_CONVERSION = YES;
				CLANG_WARN_OBJC_IMPLICIT_RETAIN_SELF = YES;
				CLANG_WARN_OBJC_LITERAL_CONVERSION = YES;
				CLANG_WARN_OBJC_ROOT_CLASS = YES_ERROR;
				CLANG_WARN_QUOTED_INCLUDE_IN_FRAMEWORK_HEADER = YES;
				CLANG_WARN_RANGE_LOOP_ANALYSIS = YES;
				CLANG_WARN_STRICT_PROTOTYPES = YES;
				CLANG_WARN_SUSPICIOUS_MOVE = YES;
				CLANG_WARN_UNGUARDED_AVAILABILITY = YES_AGGRESSIVE;
				CLANG_WARN_UNREACHABLE_CODE = YES;
				CLANG_WARN__DUPLICATE_METHOD_MATCH = YES;
				COPY_PHASE_STRIP = NO;
				DEBUG_INFORMATION_FORMAT = dwarf;
				ENABLE_STRICT_OBJC_MSGSEND = YES;
				ENABLE_TESTABILITY = YES;
				ENABLE_USER_SCRIPT_SANDBOXING = YES;
				GCC_C_LANGUAGE_STANDARD = gnu17;
				GCC_DYNAMIC_NO_PIC = NO;
				GCC_NO_COMMON_BLOCKS = YES;
				GCC_OPTIMIZATION_LEVEL = 0;
				GCC_PREPROCESSOR_DEFINITIONS = (
					"DEBUG=1",
					"$(inherited)",
				);
				GCC_WARN_64_TO_32_BIT_CONVERSION = YES;
				GCC_WARN_ABOUT_RETURN_TYPE = YES_ERROR;
				GCC_WARN_UNDECLARED_SELECTOR = YES;
				GCC_WARN_UNINITIALIZED_AUTOS = YES_AGGRESSIVE;
				GCC_WARN_UNUSED_FUNCTION = YES;
				GCC_WARN_UNUSED_VARIABLE = YES;
				LOCALIZATION_PREFERS_STRING_CATALOGS = YES;
				MTL_ENABLE_DEBUG_INFO = INCLUDE_SOURCE;
				MTL_FAST_MATH = YES;
				ONLY_ACTIVE_ARCH = YES;
				SWIFT_ACTIVE_COMPILATION_CONDITIONS = "DEBUG $(inherited)";
				SWIFT_OPTIMIZATION_LEVEL = "-Onone";
			};
			name = Debug;
		};
		C64DE0FA2BAFCFFD00078997 /* Release */ = {
			isa = XCBuildConfiguration;
			buildSettings = {
				ALWAYS_SEARCH_USER_PATHS = NO;
				ASSETCATALOG_COMPILER_GENERATE_SWIFT_ASSET_SYMBOL_EXTENSIONS = YES;
				CLANG_ANALYZER_NONNULL = YES;
				CLANG_ANALYZER_NUMBER_OBJECT_CONVERSION = YES_AGGRESSIVE;
				CLANG_CXX_LANGUAGE_STANDARD = "gnu++20";
				CLANG_ENABLE_MODULES = YES;
				CLANG_ENABLE_OBJC_ARC = YES;
				CLANG_ENABLE_OBJC_WEAK = YES;
				CLANG_WARN_BLOCK_CAPTURE_AUTORELEASING = YES;
				CLANG_WARN_BOOL_CONVERSION = YES;
				CLANG_WARN_COMMA = YES;
				CLANG_WARN_CONSTANT_CONVERSION = YES;
				CLANG_WARN_DEPRECATED_OBJC_IMPLEMENTATIONS = YES;
				CLANG_WARN_DIRECT_OBJC_ISA_USAGE = YES_ERROR;
				CLANG_WARN_DOCUMENTATION_COMMENTS = YES;
				CLANG_WARN_EMPTY_BODY = YES;
				CLANG_WARN_ENUM_CONVERSION = YES;
				CLANG_WARN_INFINITE_RECURSION = YES;
				CLANG_WARN_INT_CONVERSION = YES;
				CLANG_WARN_NON_LITERAL_NULL_CONVERSION = YES;
				CLANG_WARN_OBJC_IMPLICIT_RETAIN_SELF = YES;
				CLANG_WARN_OBJC_LITERAL_CONVERSION = YES;
				CLANG_WARN_OBJC_ROOT_CLASS = YES_ERROR;
				CLANG_WARN_QUOTED_INCLUDE_IN_FRAMEWORK_HEADER = YES;
				CLANG_WARN_RANGE_LOOP_ANALYSIS = YES;
				CLANG_WARN_STRICT_PROTOTYPES = YES;
				CLANG_WARN_SUSPICIOUS_MOVE = YES;
				CLANG_WARN_UNGUARDED_AVAILABILITY = YES_AGGRESSIVE;
				CLANG_WARN_UNREACHABLE_CODE = YES;
				CLANG_WARN__DUPLICATE_METHOD_MATCH = YES;
				COPY_PHASE_STRIP = NO;
				DEBUG_INFORMATION_FORMAT = "dwarf-with-dsym";
				ENABLE_NS_ASSERTIONS = NO;
				ENABLE_STRICT_OBJC_MSGSEND = YES;
				ENABLE_USER_SCRIPT_SANDBOXING = YES;
				GCC_C_LANGUAGE_STANDARD = gnu17;
				GCC_NO_COMMON_BLOCKS = YES;
				GCC_WARN_64_TO_32_BIT_CONVERSION = YES;
				GCC_WARN_ABOUT_RETURN_TYPE = YES_ERROR;
				GCC_WARN_UNDECLARED_SELECTOR = YES;
				GCC_WARN_UNINITIALIZED_AUTOS = YES_AGGRESSIVE;
				GCC_WARN_UNUSED_FUNCTION = YES;
				GCC_WARN_UNUSED_VARIABLE = YES;
				LOCALIZATION_PREFERS_STRING_CATALOGS = YES;
				MTL_ENABLE_DEBUG_INFO = NO;
				MTL_FAST_MATH = YES;
				SWIFT_COMPILATION_MODE = wholemodule;
			};
			name = Release;
		};
		C64DE0FC2BAFCFFD00078997 /* Debug */ = {
			isa = XCBuildConfiguration;
			buildSettings = {
				ASSETCATALOG_COMPILER_APPICON_NAME = AppIcon;
				ASSETCATALOG_COMPILER_GLOBAL_ACCENT_COLOR_NAME = AccentColor;
				CODE_SIGN_ENTITLEMENTS = ProfitPath/ProfitPath.entitlements;
				CODE_SIGN_STYLE = Automatic;
				CURRENT_PROJECT_VERSION = 1;
				DEVELOPMENT_ASSET_PATHS = "\"ProfitPath/Preview Content\"";
				DEVELOPMENT_TEAM = 228XY2KU6Z;
				ENABLE_HARDENED_RUNTIME = YES;
				ENABLE_PREVIEWS = YES;
				GENERATE_INFOPLIST_FILE = YES;
				INFOPLIST_KEY_LSApplicationCategoryType = "public.app-category.finance";
				"INFOPLIST_KEY_UIApplicationSceneManifest_Generation[sdk=iphoneos*]" = YES;
				"INFOPLIST_KEY_UIApplicationSceneManifest_Generation[sdk=iphonesimulator*]" = YES;
				"INFOPLIST_KEY_UIApplicationSupportsIndirectInputEvents[sdk=iphoneos*]" = YES;
				"INFOPLIST_KEY_UIApplicationSupportsIndirectInputEvents[sdk=iphonesimulator*]" = YES;
				"INFOPLIST_KEY_UILaunchScreen_Generation[sdk=iphoneos*]" = YES;
				"INFOPLIST_KEY_UILaunchScreen_Generation[sdk=iphonesimulator*]" = YES;
				"INFOPLIST_KEY_UIStatusBarStyle[sdk=iphoneos*]" = UIStatusBarStyleDefault;
				"INFOPLIST_KEY_UIStatusBarStyle[sdk=iphonesimulator*]" = UIStatusBarStyleDefault;
				INFOPLIST_KEY_UISupportedInterfaceOrientations_iPad = "UIInterfaceOrientationPortrait UIInterfaceOrientationPortraitUpsideDown UIInterfaceOrientationLandscapeLeft UIInterfaceOrientationLandscapeRight";
				INFOPLIST_KEY_UISupportedInterfaceOrientations_iPhone = "UIInterfaceOrientationPortrait UIInterfaceOrientationLandscapeLeft UIInterfaceOrientationLandscapeRight";
				IPHONEOS_DEPLOYMENT_TARGET = 17.4;
				LD_RUNPATH_SEARCH_PATHS = "@executable_path/Frameworks";
				"LD_RUNPATH_SEARCH_PATHS[sdk=macosx*]" = "@executable_path/../Frameworks";
				MACOSX_DEPLOYMENT_TARGET = 14.0;
				MARKETING_VERSION = 1.0;
				PRODUCT_BUNDLE_IDENTIFIER = com.malak.ProfitPath;
				PRODUCT_NAME = "$(TARGET_NAME)";
				SDKROOT = auto;
				SUPPORTED_PLATFORMS = "iphoneos iphonesimulator macosx";
				SWIFT_EMIT_LOC_STRINGS = YES;
				SWIFT_VERSION = 5.0;
				TARGETED_DEVICE_FAMILY = "1,2";
			};
			name = Debug;
		};
		C64DE0FD2BAFCFFD00078997 /* Release */ = {
			isa = XCBuildConfiguration;
			buildSettings = {
				ASSETCATALOG_COMPILER_APPICON_NAME = AppIcon;
				ASSETCATALOG_COMPILER_GLOBAL_ACCENT_COLOR_NAME = AccentColor;
				CODE_SIGN_ENTITLEMENTS = ProfitPath/ProfitPath.entitlements;
				CODE_SIGN_STYLE = Automatic;
				CURRENT_PROJECT_VERSION = 1;
				DEVELOPMENT_ASSET_PATHS = "\"ProfitPath/Preview Content\"";
				DEVELOPMENT_TEAM = 228XY2KU6Z;
				ENABLE_HARDENED_RUNTIME = YES;
				ENABLE_PREVIEWS = YES;
				GENERATE_INFOPLIST_FILE = YES;
				INFOPLIST_KEY_LSApplicationCategoryType = "public.app-category.finance";
				"INFOPLIST_KEY_UIApplicationSceneManifest_Generation[sdk=iphoneos*]" = YES;
				"INFOPLIST_KEY_UIApplicationSceneManifest_Generation[sdk=iphonesimulator*]" = YES;
				"INFOPLIST_KEY_UIApplicationSupportsIndirectInputEvents[sdk=iphoneos*]" = YES;
				"INFOPLIST_KEY_UIApplicationSupportsIndirectInputEvents[sdk=iphonesimulator*]" = YES;
				"INFOPLIST_KEY_UILaunchScreen_Generation[sdk=iphoneos*]" = YES;
				"INFOPLIST_KEY_UILaunchScreen_Generation[sdk=iphonesimulator*]" = YES;
				"INFOPLIST_KEY_UIStatusBarStyle[sdk=iphoneos*]" = UIStatusBarStyleDefault;
				"INFOPLIST_KEY_UIStatusBarStyle[sdk=iphonesimulator*]" = UIStatusBarStyleDefault;
				INFOPLIST_KEY_UISupportedInterfaceOrientations_iPad = "UIInterfaceOrientationPortrait UIInterfaceOrientationPortraitUpsideDown UIInterfaceOrientationLandscapeLeft UIInterfaceOrientationLandscapeRight";
				INFOPLIST_KEY_UISupportedInterfaceOrientations_iPhone = "UIInterfaceOrientationPortrait UIInterfaceOrientationLandscapeLeft UIInterfaceOrientationLandscapeRight";
				IPHONEOS_DEPLOYMENT_TARGET = 17.4;
				LD_RUNPATH_SEARCH_PATHS = "@executable_path/Frameworks";
				"LD_RUNPATH_SEARCH_PATHS[sdk=macosx*]" = "@executable_path/../Frameworks";
				MACOSX_DEPLOYMENT_TARGET = 14.0;
				MARKETING_VERSION = 1.0;
				PRODUCT_BUNDLE_IDENTIFIER = com.malak.ProfitPath;
				PRODUCT_NAME = "$(TARGET_NAME)";
				SDKROOT = auto;
				SUPPORTED_PLATFORMS = "iphoneos iphonesimulator macosx";
				SWIFT_EMIT_LOC_STRINGS = YES;
				SWIFT_VERSION = 5.0;
				TARGETED_DEVICE_FAMILY = "1,2";
			};
			name = Release;
		};
/* End XCBuildConfiguration section */

/* Begin XCConfigurationList section */
		C64DE0E52BAFCFFA00078997 /* Build configuration list for PBXProject "ProfitPath" */ = {
			isa = XCConfigurationList;
			buildConfigurations = (
				C64DE0F92BAFCFFD00078997 /* Debug */,
				C64DE0FA2BAFCFFD00078997 /* Release */,
			);
			defaultConfigurationIsVisible = 0;
			defaultConfigurationName = Release;
		};
		C64DE0FB2BAFCFFD00078997 /* Build configuration list for PBXNativeTarget "ProfitPath" */ = {
			isa = XCConfigurationList;
			buildConfigurations = (
				C64DE0FC2BAFCFFD00078997 /* Debug */,
				C64DE0FD2BAFCFFD00078997 /* Release */,
			);
			defaultConfigurationIsVisible = 0;
			defaultConfigurationName = Release;
		};
/* End XCConfigurationList section */

/* Begin XCLocalSwiftPackageReference section */
		C6C4BCC22BBA68D20090E25A /* XCLocalSwiftPackageReference "../Spectra" */ = {
			isa = XCLocalSwiftPackageReference;
			relativePath = ../Spectra;
		};
/* End XCLocalSwiftPackageReference section */

/* Begin XCSwiftPackageProductDependency section */
		C6C4BCC32BBA68D20090E25A /* Spectra */ = {
			isa = XCSwiftPackageProductDependency;
			productName = Spectra;
		};
/* End XCSwiftPackageProductDependency section */
	};
	rootObject = C64DE0E22BAFCFFA00078997 /* Project object */;
}
